// !$*UTF8*$!
{
	archiveVersion = 1;
	classes = {
	};
	objectVersion = 46;
	objects = {

/* Begin PBXBuildFile section */
		3D09A05E15EDF20600B521A5 /* GagsViewController.m in Sources */ = {isa = PBXBuildFile; fileRef = 3D09A05D15EDF20600B521A5 /* GagsViewController.m */; };
		3D0ABA2D15EF2222002FB319 /* 1.jpg in Resources */ = {isa = PBXBuildFile; fileRef = 3D0ABA2315EF2222002FB319 /* 1.jpg */; };
		3D0ABA2E15EF2222002FB319 /* 10.jpg in Resources */ = {isa = PBXBuildFile; fileRef = 3D0ABA2415EF2222002FB319 /* 10.jpg */; };
		3D0ABA2F15EF2222002FB319 /* 2.jpg in Resources */ = {isa = PBXBuildFile; fileRef = 3D0ABA2515EF2222002FB319 /* 2.jpg */; };
		3D0ABA3015EF2222002FB319 /* 3.jpg in Resources */ = {isa = PBXBuildFile; fileRef = 3D0ABA2615EF2222002FB319 /* 3.jpg */; };
		3D0ABA3115EF2222002FB319 /* 4.jpg in Resources */ = {isa = PBXBuildFile; fileRef = 3D0ABA2715EF2222002FB319 /* 4.jpg */; };
		3D0ABA3215EF2222002FB319 /* 5.jpg in Resources */ = {isa = PBXBuildFile; fileRef = 3D0ABA2815EF2222002FB319 /* 5.jpg */; };
		3D0ABA3315EF2222002FB319 /* 6.jpg in Resources */ = {isa = PBXBuildFile; fileRef = 3D0ABA2915EF2222002FB319 /* 6.jpg */; };
		3D0ABA3415EF2222002FB319 /* 7.gif in Resources */ = {isa = PBXBuildFile; fileRef = 3D0ABA2A15EF2222002FB319 /* 7.gif */; };
		3D0ABA3515EF2222002FB319 /* 8.gif in Resources */ = {isa = PBXBuildFile; fileRef = 3D0ABA2B15EF2222002FB319 /* 8.gif */; };
		3D0ABA3615EF2222002FB319 /* 9.jpg in Resources */ = {isa = PBXBuildFile; fileRef = 3D0ABA2C15EF2222002FB319 /* 9.jpg */; };
		3D0ABA3E15EF39CD002FB319 /* gagView.m in Sources */ = {isa = PBXBuildFile; fileRef = 3D0ABA3D15EF39CD002FB319 /* gagView.m */; };
		3D7887DF15EB6C8C00252FF0 /* JSONKit.m in Sources */ = {isa = PBXBuildFile; fileRef = 3D7887DE15EB6C8C00252FF0 /* JSONKit.m */; settings = {COMPILER_FLAGS = "-fno-objc-arc"; }; };
		3D7887E515EB721E00252FF0 /* Gag.m in Sources */ = {isa = PBXBuildFile; fileRef = 3D7887E415EB721E00252FF0 /* Gag.m */; };
		3DE98F8915EA9962003ECABB /* UIKit.framework in Frameworks */ = {isa = PBXBuildFile; fileRef = 3DE98F8815EA9962003ECABB /* UIKit.framework */; };
		3DE98F8B15EA9962003ECABB /* Foundation.framework in Frameworks */ = {isa = PBXBuildFile; fileRef = 3DE98F8A15EA9962003ECABB /* Foundation.framework */; };
		3DE98F8D15EA9962003ECABB /* CoreGraphics.framework in Frameworks */ = {isa = PBXBuildFile; fileRef = 3DE98F8C15EA9962003ECABB /* CoreGraphics.framework */; };
		3DE98F9315EA9962003ECABB /* InfoPlist.strings in Resources */ = {isa = PBXBuildFile; fileRef = 3DE98F9115EA9962003ECABB /* InfoPlist.strings */; };
		3DE98F9515EA9962003ECABB /* main.m in Sources */ = {isa = PBXBuildFile; fileRef = 3DE98F9415EA9962003ECABB /* main.m */; };
		3DE98F9915EA9962003ECABB /* AppDelegate.m in Sources */ = {isa = PBXBuildFile; fileRef = 3DE98F9815EA9962003ECABB /* AppDelegate.m */; };
		3DE98F9C15EA9962003ECABB /* MainStoryboard.storyboard in Resources */ = {isa = PBXBuildFile; fileRef = 3DE98F9A15EA9962003ECABB /* MainStoryboard.storyboard */; };
/* End PBXBuildFile section */

/* Begin PBXFileReference section */
		3D09A05C15EDF20600B521A5 /* GagsViewController.h */ = {isa = PBXFileReference; fileEncoding = 4; lastKnownFileType = sourcecode.c.h; path = GagsViewController.h; sourceTree = "<group>"; };
		3D09A05D15EDF20600B521A5 /* GagsViewController.m */ = {isa = PBXFileReference; fileEncoding = 4; lastKnownFileType = sourcecode.c.objc; path = GagsViewController.m; sourceTree = "<group>"; };
		3D0ABA2315EF2222002FB319 /* 1.jpg */ = {isa = PBXFileReference; lastKnownFileType = image.jpeg; path = 1.jpg; sourceTree = "<group>"; };
		3D0ABA2415EF2222002FB319 /* 10.jpg */ = {isa = PBXFileReference; lastKnownFileType = image.jpeg; path = 10.jpg; sourceTree = "<group>"; };
		3D0ABA2515EF2222002FB319 /* 2.jpg */ = {isa = PBXFileReference; lastKnownFileType = image.jpeg; path = 2.jpg; sourceTree = "<group>"; };
		3D0ABA2615EF2222002FB319 /* 3.jpg */ = {isa = PBXFileReference; lastKnownFileType = image.jpeg; path = 3.jpg; sourceTree = "<group>"; };
		3D0ABA2715EF2222002FB319 /* 4.jpg */ = {isa = PBXFileReference; lastKnownFileType = image.jpeg; path = 4.jpg; sourceTree = "<group>"; };
		3D0ABA2815EF2222002FB319 /* 5.jpg */ = {isa = PBXFileReference; lastKnownFileType = image.jpeg; path = 5.jpg; sourceTree = "<group>"; };
		3D0ABA2915EF2222002FB319 /* 6.jpg */ = {isa = PBXFileReference; lastKnownFileType = image.jpeg; path = 6.jpg; sourceTree = "<group>"; };
		3D0ABA2A15EF2222002FB319 /* 7.gif */ = {isa = PBXFileReference; lastKnownFileType = image.gif; path = 7.gif; sourceTree = "<group>"; };
		3D0ABA2B15EF2222002FB319 /* 8.gif */ = {isa = PBXFileReference; lastKnownFileType = image.gif; path = 8.gif; sourceTree = "<group>"; };
		3D0ABA2C15EF2222002FB319 /* 9.jpg */ = {isa = PBXFileReference; lastKnownFileType = image.jpeg; path = 9.jpg; sourceTree = "<group>"; };
		3D0ABA3C15EF39CD002FB319 /* gagView.h */ = {isa = PBXFileReference; fileEncoding = 4; lastKnownFileType = sourcecode.c.h; path = gagView.h; sourceTree = "<group>"; };
		3D0ABA3D15EF39CD002FB319 /* gagView.m */ = {isa = PBXFileReference; fileEncoding = 4; lastKnownFileType = sourcecode.c.objc; path = gagView.m; sourceTree = "<group>"; };
		3D7887DD15EB6C8C00252FF0 /* JSONKit.h */ = {isa = PBXFileReference; fileEncoding = 4; lastKnownFileType = sourcecode.c.h; name = JSONKit.h; path = lib/JSONKit/JSONKit.h; sourceTree = "<group>"; };
		3D7887DE15EB6C8C00252FF0 /* JSONKit.m */ = {isa = PBXFileReference; fileEncoding = 4; lastKnownFileType = sourcecode.c.objc; name = JSONKit.m; path = lib/JSONKit/JSONKit.m; sourceTree = "<group>"; };
		3D7887E315EB721E00252FF0 /* Gag.h */ = {isa = PBXFileReference; fileEncoding = 4; lastKnownFileType = sourcecode.c.h; path = Gag.h; sourceTree = "<group>"; };
		3D7887E415EB721E00252FF0 /* Gag.m */ = {isa = PBXFileReference; fileEncoding = 4; lastKnownFileType = sourcecode.c.objc; path = Gag.m; sourceTree = "<group>"; };
		3DE98F8415EA9962003ECABB /* vietGag.app */ = {isa = PBXFileReference; explicitFileType = wrapper.application; includeInIndex = 0; path = vietGag.app; sourceTree = BUILT_PRODUCTS_DIR; };
		3DE98F8815EA9962003ECABB /* UIKit.framework */ = {isa = PBXFileReference; lastKnownFileType = wrapper.framework; name = UIKit.framework; path = System/Library/Frameworks/UIKit.framework; sourceTree = SDKROOT; };
		3DE98F8A15EA9962003ECABB /* Foundation.framework */ = {isa = PBXFileReference; lastKnownFileType = wrapper.framework; name = Foundation.framework; path = System/Library/Frameworks/Foundation.framework; sourceTree = SDKROOT; };
		3DE98F8C15EA9962003ECABB /* CoreGraphics.framework */ = {isa = PBXFileReference; lastKnownFileType = wrapper.framework; name = CoreGraphics.framework; path = System/Library/Frameworks/CoreGraphics.framework; sourceTree = SDKROOT; };
		3DE98F9015EA9962003ECABB /* vietGag-Info.plist */ = {isa = PBXFileReference; lastKnownFileType = text.plist.xml; path = "vietGag-Info.plist"; sourceTree = "<group>"; };
		3DE98F9215EA9962003ECABB /* en */ = {isa = PBXFileReference; lastKnownFileType = text.plist.strings; name = en; path = en.lproj/InfoPlist.strings; sourceTree = "<group>"; };
		3DE98F9415EA9962003ECABB /* main.m */ = {isa = PBXFileReference; lastKnownFileType = sourcecode.c.objc; path = main.m; sourceTree = "<group>"; };
		3DE98F9615EA9962003ECABB /* vietGag-Prefix.pch */ = {isa = PBXFileReference; lastKnownFileType = sourcecode.c.h; path = "vietGag-Prefix.pch"; sourceTree = "<group>"; };
		3DE98F9715EA9962003ECABB /* AppDelegate.h */ = {isa = PBXFileReference; lastKnownFileType = sourcecode.c.h; path = AppDelegate.h; sourceTree = "<group>"; };
		3DE98F9815EA9962003ECABB /* AppDelegate.m */ = {isa = PBXFileReference; lastKnownFileType = sourcecode.c.objc; path = AppDelegate.m; sourceTree = "<group>"; };
		3DE98F9B15EA9962003ECABB /* en */ = {isa = PBXFileReference; lastKnownFileType = file.storyboard; name = en; path = en.lproj/MainStoryboard.storyboard; sourceTree = "<group>"; };
/* End PBXFileReference section */

/* Begin PBXFrameworksBuildPhase section */
		3DE98F8115EA9962003ECABB /* Frameworks */ = {
			isa = PBXFrameworksBuildPhase;
			buildActionMask = 2147483647;
			files = (
				3DE98F8915EA9962003ECABB /* UIKit.framework in Frameworks */,
				3DE98F8B15EA9962003ECABB /* Foundation.framework in Frameworks */,
				3DE98F8D15EA9962003ECABB /* CoreGraphics.framework in Frameworks */,
			);
			runOnlyForDeploymentPostprocessing = 0;
		};
/* End PBXFrameworksBuildPhase section */

/* Begin PBXGroup section */
		3D0ABA2215EF2222002FB319 /* gagImages */ = {
			isa = PBXGroup;
			children = (
				3D0ABA2315EF2222002FB319 /* 1.jpg */,
				3D0ABA2415EF2222002FB319 /* 10.jpg */,
				3D0ABA2515EF2222002FB319 /* 2.jpg */,
				3D0ABA2615EF2222002FB319 /* 3.jpg */,
				3D0ABA2715EF2222002FB319 /* 4.jpg */,
				3D0ABA2815EF2222002FB319 /* 5.jpg */,
				3D0ABA2915EF2222002FB319 /* 6.jpg */,
				3D0ABA2A15EF2222002FB319 /* 7.gif */,
				3D0ABA2B15EF2222002FB319 /* 8.gif */,
				3D0ABA2C15EF2222002FB319 /* 9.jpg */,
			);
			path = gagImages;
			sourceTree = "<group>";
		};
		3D7887DB15EB6C6E00252FF0 /* lib */ = {
			isa = PBXGroup;
			children = (
				3D0ABA2215EF2222002FB319 /* gagImages */,
				3D7887DC15EB6C7500252FF0 /* JSONKit */,
			);
			name = lib;
			sourceTree = "<group>";
		};
		3D7887DC15EB6C7500252FF0 /* JSONKit */ = {
			isa = PBXGroup;
			children = (
				3D7887DD15EB6C8C00252FF0 /* JSONKit.h */,
				3D7887DE15EB6C8C00252FF0 /* JSONKit.m */,
			);
			name = JSONKit;
			sourceTree = "<group>";
		};
		3D7887E615EB722200252FF0 /* Model */ = {
			isa = PBXGroup;
			children = (
				3D7887E315EB721E00252FF0 /* Gag.h */,
				3D7887E415EB721E00252FF0 /* Gag.m */,
			);
			name = Model;
			sourceTree = "<group>";
		};
		3DE98F7915EA9962003ECABB = {
			isa = PBXGroup;
			children = (
				3D7887DB15EB6C6E00252FF0 /* lib */,
				3DE98F8E15EA9962003ECABB /* vietGag */,
				3DE98F8715EA9962003ECABB /* Frameworks */,
				3DE98F8515EA9962003ECABB /* Products */,
			);
			sourceTree = "<group>";
		};
		3DE98F8515EA9962003ECABB /* Products */ = {
			isa = PBXGroup;
			children = (
				3DE98F8415EA9962003ECABB /* vietGag.app */,
			);
			name = Products;
			sourceTree = "<group>";
		};
		3DE98F8715EA9962003ECABB /* Frameworks */ = {
			isa = PBXGroup;
			children = (
				3DE98F8815EA9962003ECABB /* UIKit.framework */,
				3DE98F8A15EA9962003ECABB /* Foundation.framework */,
				3DE98F8C15EA9962003ECABB /* CoreGraphics.framework */,
			);
			name = Frameworks;
			sourceTree = "<group>";
		};
		3DE98F8E15EA9962003ECABB /* vietGag */ = {
			isa = PBXGroup;
			children = (
				3D7887E615EB722200252FF0 /* Model */,
				3DE98F9715EA9962003ECABB /* AppDelegate.h */,
				3DE98F9815EA9962003ECABB /* AppDelegate.m */,
				3DE98F9A15EA9962003ECABB /* MainStoryboard.storyboard */,
				3D09A05C15EDF20600B521A5 /* GagsViewController.h */,
				3D09A05D15EDF20600B521A5 /* GagsViewController.m */,
				3D0ABA3C15EF39CD002FB319 /* gagView.h */,
				3D0ABA3D15EF39CD002FB319 /* gagView.m */,
				3DE98F8F15EA9962003ECABB /* Supporting Files */,
			);
			path = vietGag;
			sourceTree = "<group>";
		};
		3DE98F8F15EA9962003ECABB /* Supporting Files */ = {
			isa = PBXGroup;
			children = (
				3DE98F9015EA9962003ECABB /* vietGag-Info.plist */,
				3DE98F9115EA9962003ECABB /* InfoPlist.strings */,
				3DE98F9415EA9962003ECABB /* main.m */,
				3DE98F9615EA9962003ECABB /* vietGag-Prefix.pch */,
			);
			name = "Supporting Files";
			sourceTree = "<group>";
		};
/* End PBXGroup section */

/* Begin PBXNativeTarget section */
		3DE98F8315EA9962003ECABB /* vietGag */ = {
			isa = PBXNativeTarget;
			buildConfigurationList = 3DE98FA215EA9962003ECABB /* Build configuration list for PBXNativeTarget "vietGag" */;
			buildPhases = (
				3DE98F8015EA9962003ECABB /* Sources */,
				3DE98F8115EA9962003ECABB /* Frameworks */,
				3DE98F8215EA9962003ECABB /* Resources */,
			);
			buildRules = (
			);
			dependencies = (
			);
			name = vietGag;
			productName = vietGag;
			productReference = 3DE98F8415EA9962003ECABB /* vietGag.app */;
			productType = "com.apple.product-type.application";
		};
/* End PBXNativeTarget section */

/* Begin PBXProject section */
		3DE98F7B15EA9962003ECABB /* Project object */ = {
			isa = PBXProject;
			attributes = {
				LastUpgradeCheck = 0440;
				ORGANIZATIONNAME = Vinova;
			};
			buildConfigurationList = 3DE98F7E15EA9962003ECABB /* Build configuration list for PBXProject "vietGag" */;
			compatibilityVersion = "Xcode 3.2";
			developmentRegion = English;
			hasScannedForEncodings = 0;
			knownRegions = (
				en,
			);
			mainGroup = 3DE98F7915EA9962003ECABB;
			productRefGroup = 3DE98F8515EA9962003ECABB /* Products */;
			projectDirPath = "";
			projectRoot = "";
			targets = (
				3DE98F8315EA9962003ECABB /* vietGag */,
			);
		};
/* End PBXProject section */

/* Begin PBXResourcesBuildPhase section */
		3DE98F8215EA9962003ECABB /* Resources */ = {
			isa = PBXResourcesBuildPhase;
			buildActionMask = 2147483647;
			files = (
				3DE98F9315EA9962003ECABB /* InfoPlist.strings in Resources */,
				3DE98F9C15EA9962003ECABB /* MainStoryboard.storyboard in Resources */,
				3D0ABA2D15EF2222002FB319 /* 1.jpg in Resources */,
				3D0ABA2E15EF2222002FB319 /* 10.jpg in Resources */,
				3D0ABA2F15EF2222002FB319 /* 2.jpg in Resources */,
				3D0ABA3015EF2222002FB319 /* 3.jpg in Resources */,
				3D0ABA3115EF2222002FB319 /* 4.jpg in Resources */,
				3D0ABA3215EF2222002FB319 /* 5.jpg in Resources */,
				3D0ABA3315EF2222002FB319 /* 6.jpg in Resources */,
				3D0ABA3415EF2222002FB319 /* 7.gif in Resources */,
				3D0ABA3515EF2222002FB319 /* 8.gif in Resources */,
				3D0ABA3615EF2222002FB319 /* 9.jpg in Resources */,
			);
			runOnlyForDeploymentPostprocessing = 0;
		};
/* End PBXResourcesBuildPhase section */

/* Begin PBXSourcesBuildPhase section */
		3DE98F8015EA9962003ECABB /* Sources */ = {
			isa = PBXSourcesBuildPhase;
			buildActionMask = 2147483647;
			files = (
				3DE98F9515EA9962003ECABB /* main.m in Sources */,
				3DE98F9915EA9962003ECABB /* AppDelegate.m in Sources */,
				3D7887DF15EB6C8C00252FF0 /* JSONKit.m in Sources */,
				3D7887E515EB721E00252FF0 /* Gag.m in Sources */,
				3D09A05E15EDF20600B521A5 /* GagsViewController.m in Sources */,
				3D0ABA3E15EF39CD002FB319 /* gagView.m in Sources */,
			);
			runOnlyForDeploymentPostprocessing = 0;
		};
/* End PBXSourcesBuildPhase section */

/* Begin PBXVariantGroup section */
		3DE98F9115EA9962003ECABB /* InfoPlist.strings */ = {
			isa = PBXVariantGroup;
			children = (
				3DE98F9215EA9962003ECABB /* en */,
			);
			name = InfoPlist.strings;
			sourceTree = "<group>";
		};
		3DE98F9A15EA9962003ECABB /* MainStoryboard.storyboard */ = {
			isa = PBXVariantGroup;
			children = (
				3DE98F9B15EA9962003ECABB /* en */,
			);
			name = MainStoryboard.storyboard;
			sourceTree = "<group>";
		};
/* End PBXVariantGroup section */

/* Begin XCBuildConfiguration section */
		3DE98FA015EA9962003ECABB /* Debug */ = {
			isa = XCBuildConfiguration;
			buildSettings = {
				ALWAYS_SEARCH_USER_PATHS = NO;
				ARCHS = "$(ARCHS_STANDARD_32_BIT)";
				CLANG_CXX_LANGUAGE_STANDARD = "gnu++0x";
				CLANG_ENABLE_OBJC_ARC = YES;
				CLANG_WARN__DUPLICATE_METHOD_MATCH = YES;
				"CODE_SIGN_IDENTITY[sdk=iphoneos*]" = "iPhone Developer";
				COPY_PHASE_STRIP = NO;
				GCC_C_LANGUAGE_STANDARD = gnu99;
				GCC_DYNAMIC_NO_PIC = NO;
				GCC_OPTIMIZATION_LEVEL = 0;
				GCC_PREPROCESSOR_DEFINITIONS = (
					"DEBUG=1",
					"$(inherited)",
				);
				GCC_SYMBOLS_PRIVATE_EXTERN = NO;
				GCC_VERSION = com.apple.compilers.llvm.clang.1_0;
				GCC_WARN_ABOUT_RETURN_TYPE = YES;
				GCC_WARN_UNINITIALIZED_AUTOS = YES;
				GCC_WARN_UNUSED_VARIABLE = YES;
				IPHONEOS_DEPLOYMENT_TARGET = 5.1;
				SDKROOT = iphoneos;
			};
			name = Debug;
		};
		3DE98FA115EA9962003ECABB /* Release */ = {
			isa = XCBuildConfiguration;
			buildSettings = {
				ALWAYS_SEARCH_USER_PATHS = NO;
				ARCHS = "$(ARCHS_STANDARD_32_BIT)";
				CLANG_CXX_LANGUAGE_STANDARD = "gnu++0x";
				CLANG_ENABLE_OBJC_ARC = YES;
				CLANG_WARN__DUPLICATE_METHOD_MATCH = YES;
				"CODE_SIGN_IDENTITY[sdk=iphoneos*]" = "iPhone Developer";
				COPY_PHASE_STRIP = YES;
				GCC_C_LANGUAGE_STANDARD = gnu99;
				GCC_VERSION = com.apple.compilers.llvm.clang.1_0;
				GCC_WARN_ABOUT_RETURN_TYPE = YES;
				GCC_WARN_UNINITIALIZED_AUTOS = YES;
				GCC_WARN_UNUSED_VARIABLE = YES;
				IPHONEOS_DEPLOYMENT_TARGET = 5.1;
				OTHER_CFLAGS = "-DNS_BLOCK_ASSERTIONS=1";
				SDKROOT = iphoneos;
				VALIDATE_PRODUCT = YES;
			};
			name = Release;
		};
		3DE98FA315EA9962003ECABB /* Debug */ = {
			isa = XCBuildConfiguration;
			buildSettings = {
				GCC_PRECOMPILE_PREFIX_HEADER = YES;
				GCC_PREFIX_HEADER = "vietGag/vietGag-Prefix.pch";
				INFOPLIST_FILE = "vietGag/vietGag-Info.plist";
				PRODUCT_NAME = "$(TARGET_NAME)";
				WRAPPER_EXTENSION = app;
			};
			name = Debug;
		};
		3DE98FA415EA9962003ECABB /* Release */ = {
			isa = XCBuildConfiguration;
			buildSettings = {
				GCC_PRECOMPILE_PREFIX_HEADER = YES;
				GCC_PREFIX_HEADER = "vietGag/vietGag-Prefix.pch";
				INFOPLIST_FILE = "vietGag/vietGag-Info.plist";
				PRODUCT_NAME = "$(TARGET_NAME)";
				WRAPPER_EXTENSION = app;
			};
			name = Release;
		};
/* End XCBuildConfiguration section */

/* Begin XCConfigurationList section */
		3DE98F7E15EA9962003ECABB /* Build configuration list for PBXProject "vietGag" */ = {
			isa = XCConfigurationList;
			buildConfigurations = (
				3DE98FA015EA9962003ECABB /* Debug */,
				3DE98FA115EA9962003ECABB /* Release */,
			);
			defaultConfigurationIsVisible = 0;
			defaultConfigurationName = Release;
		};
		3DE98FA215EA9962003ECABB /* Build configuration list for PBXNativeTarget "vietGag" */ = {
			isa = XCConfigurationList;
			buildConfigurations = (
				3DE98FA315EA9962003ECABB /* Debug */,
				3DE98FA415EA9962003ECABB /* Release */,
			);
			defaultConfigurationIsVisible = 0;
			defaultConfigurationName = Release;
		};
/* End XCConfigurationList section */
	};
	rootObject = 3DE98F7B15EA9962003ECABB /* Project object */;
}
